
Microsoft Visual Studio Solution File, Format Version 12.00
# Visual Studio Version 17
VisualStudioVersion = 17.3.32929.385
MinimumVisualStudioVersion = 10.0.40219.1
Project("{FAE04EC0-301F-11D3-BF4B-00C04F79EFBC}") = "FileWork", "FileWork\FileWork.csproj", "{52756198-1368-47A9-9728-0B2BDAF13A09}"
EndProject
Global
	GlobalSection(SolutionConfigurationPlatforms) = preSolution
		Debug|Any CPU = Debug|Any CPU
		Release|Any CPU = Release|Any CPU
	EndGlobalSection
	GlobalSection(ProjectConfigurationPlatforms) = postSolution
		{52756198-1368-47A9-9728-0B2BDAF13A09}.Debug|Any CPU.ActiveCfg = Debug|Any CPU
		{52756198-1368-47A9-9728-0B2BDAF13A09}.Debug|Any CPU.Build.0 = Debug|Any CPU
		{52756198-1368-47A9-9728-0B2BDAF13A09}.Release|Any CPU.ActiveCfg = Release|Any CPU
		{52756198-1368-47A9-9728-0B2BDAF13A09}.Release|Any CPU.Build.0 = Release|Any CPU
	EndGlobalSection
	GlobalSection(SolutionProperties) = preSolution
		HideSolutionNode = FALSE
	EndGlobalSection
	GlobalSection(ExtensibilityGlobals) = postSolution
		SolutionGuid = {00ECEE94-53DA-4BED-93BC-851EC3F80EB6}
	EndGlobalSection
EndGlobal
